
Microsoft Visual Studio Solution File, Format Version 12.00
# Visual Studio Version 16
VisualStudioVersion = 16.0.30128.74
MinimumVisualStudioVersion = 10.0.40219.1
Project("{9A19103F-16F7-4668-BE54-9A1E7A4F7556}") = "LobbyServerForLinux", "GameServer\LobbyServerForLinux.csproj", "{F4762DC5-87D8-43FF-BBB5-E8DF776ED4A6}"
EndProject
Global
	GlobalSection(SolutionConfigurationPlatforms) = preSolution
		Debug|Any CPU = Debug|Any CPU
		Release|Any CPU = Release|Any CPU
	EndGlobalSection
	GlobalSection(ProjectConfigurationPlatforms) = postSolution
		{F4762DC5-87D8-43FF-BBB5-E8DF776ED4A6}.Debug|Any CPU.ActiveCfg = Debug|Any CPU
		{F4762DC5-87D8-43FF-BBB5-E8DF776ED4A6}.Debug|Any CPU.Build.0 = Debug|Any CPU
		{F4762DC5-87D8-43FF-BBB5-E8DF776ED4A6}.Release|Any CPU.ActiveCfg = Release|Any CPU
		{F4762DC5-87D8-43FF-BBB5-E8DF776ED4A6}.Release|Any CPU.Build.0 = Release|Any CPU
	EndGlobalSection
	GlobalSection(SolutionProperties) = preSolution
		HideSolutionNode = FALSE
	EndGlobalSection
	GlobalSection(ExtensibilityGlobals) = postSolution
		SolutionGuid = {1F8584B6-E1E5-4A40-BED5-E7ACA35894CF}
	EndGlobalSection
EndGlobal
